
Microsoft Visual Studio Solution File, Format Version 12.00
# Visual Studio Version 17
VisualStudioVersion = 17.0.31903.59
MinimumVisualStudioVersion = 10.0.40219.1
Project("{9A19103F-16F7-4668-BE54-9A1E7A4F7556}") = "PrimeService", "PrimeService\PrimeService.csproj", "{DE5B1B76-10BE-48BB-88BA-6CFC7437A02F}"
EndProject
Project("{9A19103F-16F7-4668-BE54-9A1E7A4F7556}") = "PrimeService.Tests", "PrimeService.Tests\PrimeService.Tests.csproj", "{33B6AD6D-FD45-4155-B58D-CE5ED2DE2D75}"
EndProject
Global
	GlobalSection(SolutionConfigurationPlatforms) = preSolution
		Debug|Any CPU = Debug|Any CPU
		Release|Any CPU = Release|Any CPU
	EndGlobalSection
	GlobalSection(ProjectConfigurationPlatforms) = postSolution
		{DE5B1B76-10BE-48BB-88BA-6CFC7437A02F}.Debug|Any CPU.ActiveCfg = Debug|Any CPU
		{DE5B1B76-10BE-48BB-88BA-6CFC7437A02F}.Debug|Any CPU.Build.0 = Debug|Any CPU
		{DE5B1B76-10BE-48BB-88BA-6CFC7437A02F}.Release|Any CPU.ActiveCfg = Release|Any CPU
		{DE5B1B76-10BE-48BB-88BA-6CFC7437A02F}.Release|Any CPU.Build.0 = Release|Any CPU
		{33B6AD6D-FD45-4155-B58D-CE5ED2DE2D75}.Debug|Any CPU.ActiveCfg = Debug|Any CPU
		{33B6AD6D-FD45-4155-B58D-CE5ED2DE2D75}.Debug|Any CPU.Build.0 = Debug|Any CPU
		{33B6AD6D-FD45-4155-B58D-CE5ED2DE2D75}.Release|Any CPU.ActiveCfg = Release|Any CPU
		{33B6AD6D-FD45-4155-B58D-CE5ED2DE2D75}.Release|Any CPU.Build.0 = Release|Any CPU
	EndGlobalSection
	GlobalSection(SolutionProperties) = preSolution
		HideSolutionNode = FALSE
	EndGlobalSection
	GlobalSection(ExtensibilityGlobals) = postSolution
		SolutionGuid = {26DC46CC-904A-4F39-95E8-10A04AA678D9}
	EndGlobalSection
EndGlobal
